
Microsoft Visual Studio Solution File, Format Version 12.00
# Visual Studio 2013
VisualStudioVersion = 12.0.40629.0
MinimumVisualStudioVersion = 10.0.40219.1
Project("{FAE04EC0-301F-11D3-BF4B-00C04F79EFBC}") = "Controller", "Controller\Controller.csproj", "{EB8520DE-F101-40D3-82BF-80278B70DE6D}"
EndProject
Project("{8BC9CEB8-8B4A-11D0-8D11-00A0C91BC942}") = "RamDiskDriver", "RamDiskDriver\RamDiskDriver.vcxproj", "{58F85713-088C-462F-82A5-9F88EC604594}"
EndProject
Project("{8BC9CEB8-8B4A-11D0-8D11-00A0C91BC942}") = "RamDiskDriver Package", "RamDiskDriver Package\RamDiskDriver Package.vcxproj", "{2DC17725-9EC3-4514-975E-02A7EEA36621}"
	ProjectSection(ProjectDependencies) = postProject
		{58F85713-088C-462F-82A5-9F88EC604594} = {58F85713-088C-462F-82A5-9F88EC604594}
	EndProjectSection
EndProject
Global
	GlobalSection(SolutionConfigurationPlatforms) = preSolution
		Debug|Win32 = Debug|Win32
		Debug|x64 = Debug|x64
		Release|Win32 = Release|Win32
		Release|x64 = Release|x64
		Win7 Debug|Win32 = Win7 Debug|Win32
		Win7 Debug|x64 = Win7 Debug|x64
		Win7 Release|Win32 = Win7 Release|Win32
		Win7 Release|x64 = Win7 Release|x64
		Win8 Debug|Win32 = Win8 Debug|Win32
		Win8 Debug|x64 = Win8 Debug|x64
		Win8 Release|Win32 = Win8 Release|Win32
		Win8 Release|x64 = Win8 Release|x64
		Win8.1 Debug|Win32 = Win8.1 Debug|Win32
		Win8.1 Debug|x64 = Win8.1 Debug|x64
		Win8.1 Release|Win32 = Win8.1 Release|Win32
		Win8.1 Release|x64 = Win8.1 Release|x64
	EndGlobalSection
	GlobalSection(ProjectConfigurationPlatforms) = postSolution
		{EB8520DE-F101-40D3-82BF-80278B70DE6D}.Debug|Win32.ActiveCfg = Debug|Any CPU
		{EB8520DE-F101-40D3-82BF-80278B70DE6D}.Debug|Win32.Build.0 = Debug|Any CPU
		{EB8520DE-F101-40D3-82BF-80278B70DE6D}.Debug|Win32.Deploy.0 = Debug|Any CPU
		{EB8520DE-F101-40D3-82BF-80278B70DE6D}.Debug|x64.ActiveCfg = Debug|Any CPU
		{EB8520DE-F101-40D3-82BF-80278B70DE6D}.Debug|x64.Build.0 = Debug|Any CPU
		{EB8520DE-F101-40D3-82BF-80278B70DE6D}.Release|Win32.ActiveCfg = Release|Any CPU
		{EB8520DE-F101-40D3-82BF-80278B70DE6D}.Release|Win32.Build.0 = Release|Any CPU
		{EB8520DE-F101-40D3-82BF-80278B70DE6D}.Release|x64.ActiveCfg = Release|Any CPU
		{EB8520DE-F101-40D3-82BF-80278B70DE6D}.Release|x64.Build.0 = Release|Any CPU
		{EB8520DE-F101-40D3-82BF-80278B70DE6D}.Win7 Debug|Win32.ActiveCfg = Debug|Any CPU
		{EB8520DE-F101-40D3-82BF-80278B70DE6D}.Win7 Debug|x64.ActiveCfg = Debug|Any CPU
		{EB8520DE-F101-40D3-82BF-80278B70DE6D}.Win7 Release|Win32.ActiveCfg = Release|Any CPU
		{EB8520DE-F101-40D3-82BF-80278B70DE6D}.Win7 Release|x64.ActiveCfg = Release|Any CPU
		{EB8520DE-F101-40D3-82BF-80278B70DE6D}.Win8 Debug|Win32.ActiveCfg = Debug|Any CPU
		{EB8520DE-F101-40D3-82BF-80278B70DE6D}.Win8 Debug|x64.ActiveCfg = Debug|Any CPU
		{EB8520DE-F101-40D3-82BF-80278B70DE6D}.Win8 Release|Win32.ActiveCfg = Release|Any CPU
		{EB8520DE-F101-40D3-82BF-80278B70DE6D}.Win8 Release|x64.ActiveCfg = Release|Any CPU
		{EB8520DE-F101-40D3-82BF-80278B70DE6D}.Win8.1 Debug|Win32.ActiveCfg = Debug|Any CPU
		{EB8520DE-F101-40D3-82BF-80278B70DE6D}.Win8.1 Debug|x64.ActiveCfg = Debug|Any CPU
		{EB8520DE-F101-40D3-82BF-80278B70DE6D}.Win8.1 Release|Win32.ActiveCfg = Release|Any CPU
		{EB8520DE-F101-40D3-82BF-80278B70DE6D}.Win8.1 Release|x64.ActiveCfg = Release|Any CPU
		{58F85713-088C-462F-82A5-9F88EC604594}.Debug|Win32.ActiveCfg = Win8.1 Debug|Win32
		{58F85713-088C-462F-82A5-9F88EC604594}.Debug|Win32.Build.0 = Win8.1 Debug|Win32
		{58F85713-088C-462F-82A5-9F88EC604594}.Debug|Win32.Deploy.0 = Win8.1 Debug|Win32
		{58F85713-088C-462F-82A5-9F88EC604594}.Debug|x64.ActiveCfg = Win8.1 Debug|x64
		{58F85713-088C-462F-82A5-9F88EC604594}.Debug|x64.Build.0 = Win8.1 Debug|x64
		{58F85713-088C-462F-82A5-9F88EC604594}.Debug|x64.Deploy.0 = Win8.1 Debug|x64
		{58F85713-088C-462F-82A5-9F88EC604594}.Release|Win32.ActiveCfg = Win8.1 Release|Win32
		{58F85713-088C-462F-82A5-9F88EC604594}.Release|Win32.Build.0 = Win8.1 Release|Win32
		{58F85713-088C-462F-82A5-9F88EC604594}.Release|Win32.Deploy.0 = Win8.1 Release|Win32
		{58F85713-088C-462F-82A5-9F88EC604594}.Release|x64.ActiveCfg = Win8.1 Release|x64
		{58F85713-088C-462F-82A5-9F88EC604594}.Release|x64.Build.0 = Win8.1 Release|x64
		{58F85713-088C-462F-82A5-9F88EC604594}.Release|x64.Deploy.0 = Win8.1 Release|x64
		{58F85713-088C-462F-82A5-9F88EC604594}.Win7 Debug|Win32.ActiveCfg = Win7 Debug|Win32
		{58F85713-088C-462F-82A5-9F88EC604594}.Win7 Debug|Win32.Build.0 = Win7 Debug|Win32
		{58F85713-088C-462F-82A5-9F88EC604594}.Win7 Debug|Win32.Deploy.0 = Win7 Debug|Win32
		{58F85713-088C-462F-82A5-9F88EC604594}.Win7 Debug|x64.ActiveCfg = Win7 Debug|x64
		{58F85713-088C-462F-82A5-9F88EC604594}.Win7 Debug|x64.Build.0 = Win7 Debug|x64
		{58F85713-088C-462F-82A5-9F88EC604594}.Win7 Debug|x64.Deploy.0 = Win7 Debug|x64
		{58F85713-088C-462F-82A5-9F88EC604594}.Win7 Release|Win32.ActiveCfg = Win7 Release|Win32
		{58F85713-088C-462F-82A5-9F88EC604594}.Win7 Release|Win32.Build.0 = Win7 Release|Win32
		{58F85713-088C-462F-82A5-9F88EC604594}.Win7 Release|Win32.Deploy.0 = Win7 Release|Win32
		{58F85713-088C-462F-82A5-9F88EC604594}.Win7 Release|x64.ActiveCfg = Win7 Release|x64
		{58F85713-088C-462F-82A5-9F88EC604594}.Win7 Release|x64.Build.0 = Win7 Release|x64
		{58F85713-088C-462F-82A5-9F88EC604594}.Win7 Release|x64.Deploy.0 = Win7 Release|x64
		{58F85713-088C-462F-82A5-9F88EC604594}.Win8 Debug|Win32.ActiveCfg = Win8 Debug|Win32
		{58F85713-088C-462F-82A5-9F88EC604594}.Win8 Debug|Win32.Build.0 = Win8 Debug|Win32
		{58F85713-088C-462F-82A5-9F88EC604594}.Win8 Debug|Win32.Deploy.0 = Win8 Debug|Win32
		{58F85713-088C-462F-82A5-9F88EC604594}.Win8 Debug|x64.ActiveCfg = Win8 Debug|x64
		{58F85713-088C-462F-82A5-9F88EC604594}.Win8 Debug|x64.Build.0 = Win8 Debug|x64
		{58F85713-088C-462F-82A5-9F88EC604594}.Win8 Debug|x64.Deploy.0 = Win8 Debug|x64
		{58F85713-088C-462F-82A5-9F88EC604594}.Win8 Release|Win32.ActiveCfg = Win8 Release|Win32
		{58F85713-088C-462F-82A5-9F88EC604594}.Win8 Release|Win32.Build.0 = Win8 Release|Win32
		{58F85713-088C-462F-82A5-9F88EC604594}.Win8 Release|Win32.Deploy.0 = Win8 Release|Win32
		{58F85713-088C-462F-82A5-9F88EC604594}.Win8 Release|x64.ActiveCfg = Win8 Release|x64
		{58F85713-088C-462F-82A5-9F88EC604594}.Win8 Release|x64.Build.0 = Win8 Release|x64
		{58F85713-088C-462F-82A5-9F88EC604594}.Win8 Release|x64.Deploy.0 = Win8 Release|x64
		{58F85713-088C-462F-82A5-9F88EC604594}.Win8.1 Debug|Win32.ActiveCfg = Win8.1 Debug|Win32
		{58F85713-088C-462F-82A5-9F88EC604594}.Win8.1 Debug|Win32.Build.0 = Win8.1 Debug|Win32
		{58F85713-088C-462F-82A5-9F88EC604594}.Win8.1 Debug|Win32.Deploy.0 = Win8.1 Debug|Win32
		{58F85713-088C-462F-82A5-9F88EC604594}.Win8.1 Debug|x64.ActiveCfg = Win8.1 Debug|x64
		{58F85713-088C-462F-82A5-9F88EC604594}.Win8.1 Debug|x64.Build.0 = Win8.1 Debug|x64
		{58F85713-088C-462F-82A5-9F88EC604594}.Win8.1 Debug|x64.Deploy.0 = Win8.1 Debug|x64
		{58F85713-088C-462F-82A5-9F88EC604594}.Win8.1 Release|Win32.ActiveCfg = Win8.1 Release|Win32
		{58F85713-088C-462F-82A5-9F88EC604594}.Win8.1 Release|Win32.Build.0 = Win8.1 Release|Win32
		{58F85713-088C-462F-82A5-9F88EC604594}.Win8.1 Release|Win32.Deploy.0 = Win8.1 Release|Win32
		{58F85713-088C-462F-82A5-9F88EC604594}.Win8.1 Release|x64.ActiveCfg = Win8.1 Release|x64
		{58F85713-088C-462F-82A5-9F88EC604594}.Win8.1 Release|x64.Build.0 = Win8.1 Release|x64
		{58F85713-088C-462F-82A5-9F88EC604594}.Win8.1 Release|x64.Deploy.0 = Win8.1 Release|x64
		{2DC17725-9EC3-4514-975E-02A7EEA36621}.Debug|Win32.ActiveCfg = Win8.1 Debug|Win32
		{2DC17725-9EC3-4514-975E-02A7EEA36621}.Debug|Win32.Build.0 = Win8.1 Debug|Win32
		{2DC17725-9EC3-4514-975E-02A7EEA36621}.Debug|Win32.Deploy.0 = Win8.1 Debug|Win32
		{2DC17725-9EC3-4514-975E-02A7EEA36621}.Debug|x64.ActiveCfg = Win8.1 Debug|x64
		{2DC17725-9EC3-4514-975E-02A7EEA36621}.Debug|x64.Build.0 = Win8.1 Debug|x64
		{2DC17725-9EC3-4514-975E-02A7EEA36621}.Debug|x64.Deploy.0 = Win8.1 Debug|x64
		{2DC17725-9EC3-4514-975E-02A7EEA36621}.Release|Win32.ActiveCfg = Win8.1 Release|Win32
		{2DC17725-9EC3-4514-975E-02A7EEA36621}.Release|Win32.Build.0 = Win8.1 Release|Win32
		{2DC17725-9EC3-4514-975E-02A7EEA36621}.Release|Win32.Deploy.0 = Win8.1 Release|Win32
		{2DC17725-9EC3-4514-975E-02A7EEA36621}.Release|x64.ActiveCfg = Win8.1 Release|x64
		{2DC17725-9EC3-4514-975E-02A7EEA36621}.Release|x64.Build.0 = Win8.1 Release|x64
		{2DC17725-9EC3-4514-975E-02A7EEA36621}.Release|x64.Deploy.0 = Win8.1 Release|x64
		{2DC17725-9EC3-4514-975E-02A7EEA36621}.Win7 Debug|Win32.ActiveCfg = Win7 Debug|Win32
		{2DC17725-9EC3-4514-975E-02A7EEA36621}.Win7 Debug|Win32.Build.0 = Win7 Debug|Win32
		{2DC17725-9EC3-4514-975E-02A7EEA36621}.Win7 Debug|Win32.Deploy.0 = Win7 Debug|Win32
		{2DC17725-9EC3-4514-975E-02A7EEA36621}.Win7 Debug|x64.ActiveCfg = Win7 Debug|x64
		{2DC17725-9EC3-4514-975E-02A7EEA36621}.Win7 Debug|x64.Build.0 = Win7 Debug|x64
		{2DC17725-9EC3-4514-975E-02A7EEA36621}.Win7 Debug|x64.Deploy.0 = Win7 Debug|x64
		{2DC17725-9EC3-4514-975E-02A7EEA36621}.Win7 Release|Win32.ActiveCfg = Win7 Release|Win32
		{2DC17725-9EC3-4514-975E-02A7EEA36621}.Win7 Release|Win32.Build.0 = Win7 Release|Win32
		{2DC17725-9EC3-4514-975E-02A7EEA36621}.Win7 Release|Win32.Deploy.0 = Win7 Release|Win32
		{2DC17725-9EC3-4514-975E-02A7EEA36621}.Win7 Release|x64.ActiveCfg = Win7 Release|x64
		{2DC17725-9EC3-4514-975E-02A7EEA36621}.Win7 Release|x64.Build.0 = Win7 Release|x64
		{2DC17725-9EC3-4514-975E-02A7EEA36621}.Win7 Release|x64.Deploy.0 = Win7 Release|x64
		{2DC17725-9EC3-4514-975E-02A7EEA36621}.Win8 Debug|Win32.ActiveCfg = Win8 Debug|Win32
		{2DC17725-9EC3-4514-975E-02A7EEA36621}.Win8 Debug|Win32.Build.0 = Win8 Debug|Win32
		{2DC17725-9EC3-4514-975E-02A7EEA36621}.Win8 Debug|Win32.Deploy.0 = Win8 Debug|Win32
		{2DC17725-9EC3-4514-975E-02A7EEA36621}.Win8 Debug|x64.ActiveCfg = Win8 Debug|x64
		{2DC17725-9EC3-4514-975E-02A7EEA36621}.Win8 Debug|x64.Build.0 = Win8 Debug|x64
		{2DC17725-9EC3-4514-975E-02A7EEA36621}.Win8 Debug|x64.Deploy.0 = Win8 Debug|x64
		{2DC17725-9EC3-4514-975E-02A7EEA36621}.Win8 Release|Win32.ActiveCfg = Win8 Release|Win32
		{2DC17725-9EC3-4514-975E-02A7EEA36621}.Win8 Release|Win32.Build.0 = Win8 Release|Win32
		{2DC17725-9EC3-4514-975E-02A7EEA36621}.Win8 Release|Win32.Deploy.0 = Win8 Release|Win32
		{2DC17725-9EC3-4514-975E-02A7EEA36621}.Win8 Release|x64.ActiveCfg = Win8 Release|x64
		{2DC17725-9EC3-4514-975E-02A7EEA36621}.Win8 Release|x64.Build.0 = Win8 Release|x64
		{2DC17725-9EC3-4514-975E-02A7EEA36621}.Win8 Release|x64.Deploy.0 = Win8 Release|x64
		{2DC17725-9EC3-4514-975E-02A7EEA36621}.Win8.1 Debug|Win32.ActiveCfg = Win8.1 Debug|Win32
		{2DC17725-9EC3-4514-975E-02A7EEA36621}.Win8.1 Debug|Win32.Build.0 = Win8.1 Debug|Win32
		{2DC17725-9EC3-4514-975E-02A7EEA36621}.Win8.1 Debug|Win32.Deploy.0 = Win8.1 Debug|Win32
		{2DC17725-9EC3-4514-975E-02A7EEA36621}.Win8.1 Debug|x64.ActiveCfg = Win8.1 Debug|x64
		{2DC17725-9EC3-4514-975E-02A7EEA36621}.Win8.1 Debug|x64.Build.0 = Win8.1 Debug|x64
		{2DC17725-9EC3-4514-975E-02A7EEA36621}.Win8.1 Debug|x64.Deploy.0 = Win8.1 Debug|x64
		{2DC17725-9EC3-4514-975E-02A7EEA36621}.Win8.1 Release|Win32.ActiveCfg = Win8.1 Release|Win32
		{2DC17725-9EC3-4514-975E-02A7EEA36621}.Win8.1 Release|Win32.Build.0 = Win8.1 Release|Win32
		{2DC17725-9EC3-4514-975E-02A7EEA36621}.Win8.1 Release|Win32.Deploy.0 = Win8.1 Release|Win32
		{2DC17725-9EC3-4514-975E-02A7EEA36621}.Win8.1 Release|x64.ActiveCfg = Win8.1 Release|x64
		{2DC17725-9EC3-4514-975E-02A7EEA36621}.Win8.1 Release|x64.Build.0 = Win8.1 Release|x64
		{2DC17725-9EC3-4514-975E-02A7EEA36621}.Win8.1 Release|x64.Deploy.0 = Win8.1 Release|x64
	EndGlobalSection
	GlobalSection(SolutionProperties) = preSolution
		HideSolutionNode = FALSE
	EndGlobalSection
EndGlobal
